
Microsoft Visual Studio Solution File, Format Version 12.00
# Visual Studio 15
VisualStudioVersion = 15.0.28010.2003
MinimumVisualStudioVersion = 10.0.40219.1
Project("{FAE04EC0-301F-11D3-BF4B-00C04F79EFBC}") = "SocketAPP", "SocketAPP\SocketAPP.csproj", "{6BCF8D9C-9D10-4F1A-BEB5-8B8D69C0BEEE}"
EndProject
Global
	GlobalSection(SolutionConfigurationPlatforms) = preSolution
		Debug|Any CPU = Debug|Any CPU
		Release|Any CPU = Release|Any CPU
	EndGlobalSection
	GlobalSection(ProjectConfigurationPlatforms) = postSolution
		{6BCF8D9C-9D10-4F1A-BEB5-8B8D69C0BEEE}.Debug|Any CPU.ActiveCfg = Debug|Any CPU
		{6BCF8D9C-9D10-4F1A-BEB5-8B8D69C0BEEE}.Debug|Any CPU.Build.0 = Debug|Any CPU
		{6BCF8D9C-9D10-4F1A-BEB5-8B8D69C0BEEE}.Release|Any CPU.ActiveCfg = Release|Any CPU
		{6BCF8D9C-9D10-4F1A-BEB5-8B8D69C0BEEE}.Release|Any CPU.Build.0 = Release|Any CPU
	EndGlobalSection
	GlobalSection(SolutionProperties) = preSolution
		HideSolutionNode = FALSE
	EndGlobalSection
	GlobalSection(ExtensibilityGlobals) = postSolution
		SolutionGuid = {1B7C8D5D-FDA3-4022-88E1-72548F62D848}
	EndGlobalSection
EndGlobal
